{
  "name": "jquery.bangla-test",
  "version": "1.0.0",
  "lockfileVersion": 1,
  "requires": true,
  "dependencies": {
    "jquery.bangla": {
      "version": "1.2.1",
      "resolved": "https://registry.npmjs.org/jquery.bangla/-/jquery.bangla-1.2.1.tgz",
      "integrity": "sha512-Cex4mNp5Kjcd0l5fyurdlelSfRAIvdGdLA2NIrZN1+Rw/Ao8tTCsRhzXLO0JJl0VJSTgOBv6GNhr22ixPHhhyg=="
    }
  }
}
